Microsoft Visual Studio Solution File, Format Version 12.00
# Visual Studio Version 17
VisualStudioVersion = 17.5.2.0
MinimumVisualStudioVersion = 10.0.40219.1
Project("{2150E333-8FDC-42A3-9474-1A3956D46DE8}") = "feedback-form", "feedback-form", "{78E5FE66-D0CA-9D9D-8EE8-0D6143340F14}"
EndProject
Project("{2150E333-8FDC-42A3-9474-1A3956D46DE8}") = "backend", "backend", "{27905EB4-6555-3479-0867-F3EF1A164473}"
EndProject
Project("{FAE04EC0-301F-11D3-BF4B-00C04F79EFBC}") = "Feedback.Api", "feedback-form\backend\Feedback.Api\Feedback.Api.csproj", "{2BE88630-2BFE-D892-EC9B-00C884CA1CF0}"
EndProject
Global
	GlobalSection(SolutionConfigurationPlatforms) = preSolution
		Debug|Any CPU = Debug|Any CPU
		Release|Any CPU = Release|Any CPU
	EndGlobalSection
	GlobalSection(ProjectConfigurationPlatforms) = postSolution
		{2BE88630-2BFE-D892-EC9B-00C884CA1CF0}.Debug|Any CPU.ActiveCfg = Debug|Any CPU
		{2BE88630-2BFE-D892-EC9B-00C884CA1CF0}.Debug|Any CPU.Build.0 = Debug|Any CPU
		{2BE88630-2BFE-D892-EC9B-00C884CA1CF0}.Release|Any CPU.ActiveCfg = Release|Any CPU
		{2BE88630-2BFE-D892-EC9B-00C884CA1CF0}.Release|Any CPU.Build.0 = Release|Any CPU
	EndGlobalSection
	GlobalSection(SolutionProperties) = preSolution
		HideSolutionNode = FALSE
	EndGlobalSection
	GlobalSection(NestedProjects) = preSolution
		{27905EB4-6555-3479-0867-F3EF1A164473} = {78E5FE66-D0CA-9D9D-8EE8-0D6143340F14}
		{2BE88630-2BFE-D892-EC9B-00C884CA1CF0} = {27905EB4-6555-3479-0867-F3EF1A164473}
	EndGlobalSection
	GlobalSection(ExtensibilityGlobals) = postSolution
		SolutionGuid = {ACC73655-A403-48A5-A620-CB2D7CA77DBF}
	EndGlobalSection
EndGlobal
